
Microsoft Visual Studio Solution File, Format Version 12.00
# Visual Studio 15
VisualStudioVersion = 15.0.27130.2036
MinimumVisualStudioVersion = 10.0.40219.1
Project("{9A19103F-16F7-4668-BE54-9A1E7A4F7556}") = "KSoft.Tools.xUnit.Logger", "KSoft.Tools.xUnit.Logger.csproj", "{CBA9647D-BBF8-4738-913F-B9F7AC32A470}"
EndProject
Global
	GlobalSection(SolutionConfigurationPlatforms) = preSolution
		Debug|Any CPU = Debug|Any CPU
		Release|Any CPU = Release|Any CPU
	EndGlobalSection
	GlobalSection(ProjectConfigurationPlatforms) = postSolution
		{CBA9647D-BBF8-4738-913F-B9F7AC32A470}.Debug|Any CPU.ActiveCfg = Debug|Any CPU
		{CBA9647D-BBF8-4738-913F-B9F7AC32A470}.Debug|Any CPU.Build.0 = Debug|Any CPU
		{CBA9647D-BBF8-4738-913F-B9F7AC32A470}.Release|Any CPU.ActiveCfg = Release|Any CPU
		{CBA9647D-BBF8-4738-913F-B9F7AC32A470}.Release|Any CPU.Build.0 = Release|Any CPU
	EndGlobalSection
	GlobalSection(SolutionProperties) = preSolution
		HideSolutionNode = FALSE
	EndGlobalSection
	GlobalSection(ExtensibilityGlobals) = postSolution
		SolutionGuid = {12BEDE95-D131-4A6C-B770-BA6AE2F6F67D}
	EndGlobalSection
EndGlobal
